
Microsoft Visual Studio Solution File, Format Version 12.00
# Visual Studio Version 17
VisualStudioVersion = 17.7.34024.191
MinimumVisualStudioVersion = 10.0.40219.1
Project("{FAE04EC0-301F-11D3-BF4B-00C04F79EFBC}") = "Bai14_2033210577_NgoTheKiet", "Bai14_2033210577_NgoTheKiet.csproj", "{80FC04F1-9290-47BE-A8D1-BB90A13D0FE3}"
EndProject
Global
	GlobalSection(SolutionConfigurationPlatforms) = preSolution
		Debug|Any CPU = Debug|Any CPU
		Release|Any CPU = Release|Any CPU
	EndGlobalSection
	GlobalSection(ProjectConfigurationPlatforms) = postSolution
		{80FC04F1-9290-47BE-A8D1-BB90A13D0FE3}.Debug|Any CPU.ActiveCfg = Debug|Any CPU
		{80FC04F1-9290-47BE-A8D1-BB90A13D0FE3}.Debug|Any CPU.Build.0 = Debug|Any CPU
		{80FC04F1-9290-47BE-A8D1-BB90A13D0FE3}.Release|Any CPU.ActiveCfg = Release|Any CPU
		{80FC04F1-9290-47BE-A8D1-BB90A13D0FE3}.Release|Any CPU.Build.0 = Release|Any CPU
	EndGlobalSection
	GlobalSection(SolutionProperties) = preSolution
		HideSolutionNode = FALSE
	EndGlobalSection
	GlobalSection(ExtensibilityGlobals) = postSolution
		SolutionGuid = {C7111B67-EDB2-4B84-888C-50ECAA308390}
	EndGlobalSection
EndGlobal
